// !$*UTF8*$!
{
	archiveVersion = 1;
	classes = {
	};
	objectVersion = 46;
	objects = {

/* Begin PBXBuildFile section */
		4F06BD0B1CF5026B00270CD5 /* music.mp3 in Resources */ = {isa = PBXBuildFile; fileRef = 4F06BD0A1CF5026B00270CD5 /* music.mp3 */; };
		4F06BD0D1CF5152300270CD5 /* PokemonDetailVC.swift in Sources */ = {isa = PBXBuildFile; fileRef = 4F06BD0C1CF5152300270CD5 /* PokemonDetailVC.swift */; };
		4F06BD131CF51A9800270CD5 /* Main.storyboard in Resources */ = {isa = PBXBuildFile; fileRef = 4F06BD121CF51A9800270CD5 /* Main.storyboard */; };
		4F4CD8161CEE69FB00508246 /* AppDelegate.swift in Sources */ = {isa = PBXBuildFile; fileRef = 4F4CD8151CEE69FB00508246 /* AppDelegate.swift */; };
		4F4CD8181CEE69FB00508246 /* ViewController.swift in Sources */ = {isa = PBXBuildFile; fileRef = 4F4CD8171CEE69FB00508246 /* ViewController.swift */; };
		4F4CD81D1CEE69FB00508246 /* Assets.xcassets in Resources */ = {isa = PBXBuildFile; fileRef = 4F4CD81C1CEE69FB00508246 /* Assets.xcassets */; };
		4F4CD8201CEE69FB00508246 /* LaunchScreen.storyboard in Resources */ = {isa = PBXBuildFile; fileRef = 4F4CD81E1CEE69FB00508246 /* LaunchScreen.storyboard */; };
		4F4CD8281CEE772900508246 /* pokemon.csv in Resources */ = {isa = PBXBuildFile; fileRef = 4F4CD8271CEE772900508246 /* pokemon.csv */; };
		4F4CD82D1CEE810A00508246 /* Pokemon.swift in Sources */ = {isa = PBXBuildFile; fileRef = 4F4CD82C1CEE810A00508246 /* Pokemon.swift */; };
		4F4E578A1CF3A80300191F74 /* PokeCell.swift in Sources */ = {isa = PBXBuildFile; fileRef = 4F4E57891CF3A80300191F74 /* PokeCell.swift */; };
		4F9DCDDC1CF3ECF800823448 /* pokemonSolid.ttf in Resources */ = {isa = PBXBuildFile; fileRef = 4F9DCDDB1CF3ECF800823448 /* pokemonSolid.ttf */; };
		4FA40A431CF8F7B80083DB3A /* Constants.swift in Sources */ = {isa = PBXBuildFile; fileRef = 4FA40A421CF8F7B80083DB3A /* Constants.swift */; };
		4FB749321CF3C19000B64C25 /* csv.swift in Sources */ = {isa = PBXBuildFile; fileRef = 4FB749311CF3C19000B64C25 /* csv.swift */; };
		E6D69AA021B6F10C6C8D5E35 /* Pods_s10_pokedex_by_devslopes.framework in Frameworks */ = {isa = PBXBuildFile; fileRef = CF7954832B83413C24B447A9 /* Pods_s10_pokedex_by_devslopes.framework */; };
/* End PBXBuildFile section */

/* Begin PBXFileReference section */
		18F66C2B5E63670DB4F99439 /* Pods-s10 pokedex-by-devslopes.debug.xcconfig */ = {isa = PBXFileReference; includeInIndex = 1; lastKnownFileType = text.xcconfig; name = "Pods-s10 pokedex-by-devslopes.debug.xcconfig"; path = "Pods/Target Support Files/Pods-s10 pokedex-by-devslopes/Pods-s10 pokedex-by-devslopes.debug.xcconfig"; sourceTree = "<group>"; };
		4F06BD0A1CF5026B00270CD5 /* music.mp3 */ = {isa = PBXFileReference; lastKnownFileType = audio.mp3; path = music.mp3; sourceTree = "<group>"; };
		4F06BD0C1CF5152300270CD5 /* PokemonDetailVC.swift */ = {isa = PBXFileReference; fileEncoding = 4; lastKnownFileType = sourcecode.swift; path = PokemonDetailVC.swift; sourceTree = "<group>"; };
		4F06BD121CF51A9800270CD5 /* Main.storyboard */ = {isa = PBXFileReference; fileEncoding = 4; lastKnownFileType = file.storyboard; path = Main.storyboard; sourceTree = "<group>"; };
		4F4CD8121CEE69FB00508246 /* s10 pokedex-by-devslopes.app */ = {isa = PBXFileReference; explicitFileType = wrapper.application; includeInIndex = 0; path = "s10 pokedex-by-devslopes.app"; sourceTree = BUILT_PRODUCTS_DIR; };
		4F4CD8151CEE69FB00508246 /* AppDelegate.swift */ = {isa = PBXFileReference; lastKnownFileType = sourcecode.swift; path = AppDelegate.swift; sourceTree = "<group>"; };
		4F4CD8171CEE69FB00508246 /* ViewController.swift */ = {isa = PBXFileReference; lastKnownFileType = sourcecode.swift; path = ViewController.swift; sourceTree = "<group>"; };
		4F4CD81C1CEE69FB00508246 /* Assets.xcassets */ = {isa = PBXFileReference; lastKnownFileType = folder.assetcatalog; path = Assets.xcassets; sourceTree = "<group>"; };
		4F4CD81F1CEE69FB00508246 /* Base */ = {isa = PBXFileReference; lastKnownFileType = file.storyboard; name = Base; path = Base.lproj/LaunchScreen.storyboard; sourceTree = "<group>"; };
		4F4CD8211CEE69FB00508246 /* Info.plist */ = {isa = PBXFileReference; lastKnownFileType = text.plist.xml; path = Info.plist; sourceTree = "<group>"; };
		4F4CD8271CEE772900508246 /* pokemon.csv */ = {isa = PBXFileReference; fileEncoding = 4; lastKnownFileType = text; path = pokemon.csv; sourceTree = "<group>"; };
		4F4CD82C1CEE810A00508246 /* Pokemon.swift */ = {isa = PBXFileReference; fileEncoding = 4; lastKnownFileType = sourcecode.swift; path = Pokemon.swift; sourceTree = "<group>"; };
		4F4E57891CF3A80300191F74 /* PokeCell.swift */ = {isa = PBXFileReference; fileEncoding = 4; lastKnownFileType = sourcecode.swift; path = PokeCell.swift; sourceTree = "<group>"; };
		4F9DCDDB1CF3ECF800823448 /* pokemonSolid.ttf */ = {isa = PBXFileReference; lastKnownFileType = file; path = pokemonSolid.ttf; sourceTree = "<group>"; };
		4FA40A421CF8F7B80083DB3A /* Constants.swift */ = {isa = PBXFileReference; fileEncoding = 4; lastKnownFileType = sourcecode.swift; path = Constants.swift; sourceTree = "<group>"; };
		4FB749311CF3C19000B64C25 /* csv.swift */ = {isa = PBXFileReference; fileEncoding = 4; lastKnownFileType = sourcecode.swift; name = csv.swift; path = "csvswift-master/csv.swift"; sourceTree = "<group>"; };
		8A73818AD326298B1CC09171 /* Pods-s10 pokedex-by-devslopes.release.xcconfig */ = {isa = PBXFileReference; includeInIndex = 1; lastKnownFileType = text.xcconfig; name = "Pods-s10 pokedex-by-devslopes.release.xcconfig"; path = "Pods/Target Support Files/Pods-s10 pokedex-by-devslopes/Pods-s10 pokedex-by-devslopes.release.xcconfig"; sourceTree = "<group>"; };
		CF7954832B83413C24B447A9 /* Pods_s10_pokedex_by_devslopes.framework */ = {isa = PBXFileReference; explicitFileType = wrapper.framework; includeInIndex = 0; path = Pods_s10_pokedex_by_devslopes.framework; sourceTree = BUILT_PRODUCTS_DIR; };
/* End PBXFileReference section */

/* Begin PBXFrameworksBuildPhase section */
		4F4CD80F1CEE69FB00508246 /* Frameworks */ = {
			isa = PBXFrameworksBuildPhase;
			buildActionMask = 2147483647;
			files = (
				E6D69AA021B6F10C6C8D5E35 /* Pods_s10_pokedex_by_devslopes.framework in Frameworks */,
			);
			runOnlyForDeploymentPostprocessing = 0;
		};
/* End PBXFrameworksBuildPhase section */

/* Begin PBXGroup section */
		4F4CD8091CEE69FB00508246 = {
			isa = PBXGroup;
			children = (
				4F4CD8141CEE69FB00508246 /* s10 pokedex-by-devslopes */,
				4F4CD8131CEE69FB00508246 /* Products */,
				F63D8DDFAB5DE5AB6BC8899D /* Pods */,
				C373F27BA36D17A363EAB694 /* Frameworks */,
			);
			sourceTree = "<group>";
		};
		4F4CD8131CEE69FB00508246 /* Products */ = {
			isa = PBXGroup;
			children = (
				4F4CD8121CEE69FB00508246 /* s10 pokedex-by-devslopes.app */,
			);
			name = Products;
			sourceTree = "<group>";
		};
		4F4CD8141CEE69FB00508246 /* s10 pokedex-by-devslopes */ = {
			isa = PBXGroup;
			children = (
				4F4CD82B1CEE80E900508246 /* Model */,
				4F4CD82A1CEE80E500508246 /* View */,
				4F4CD8291CEE80C400508246 /* Controller */,
				4FB749331CF3C1D400B64C25 /* Util */,
				4FB749341CF3C1EF00B64C25 /* Resources */,
				4F4CD8151CEE69FB00508246 /* AppDelegate.swift */,
				4F4CD81C1CEE69FB00508246 /* Assets.xcassets */,
				4F4CD81E1CEE69FB00508246 /* LaunchScreen.storyboard */,
				4F4CD8211CEE69FB00508246 /* Info.plist */,
			);
			path = "s10 pokedex-by-devslopes";
			sourceTree = "<group>";
		};
		4F4CD8291CEE80C400508246 /* Controller */ = {
			isa = PBXGroup;
			children = (
				4F4CD8171CEE69FB00508246 /* ViewController.swift */,
				4F06BD0C1CF5152300270CD5 /* PokemonDetailVC.swift */,
			);
			name = Controller;
			sourceTree = "<group>";
		};
		4F4CD82A1CEE80E500508246 /* View */ = {
			isa = PBXGroup;
			children = (
				4F06BD121CF51A9800270CD5 /* Main.storyboard */,
				4F4E57891CF3A80300191F74 /* PokeCell.swift */,
			);
			name = View;
			sourceTree = "<group>";
		};
		4F4CD82B1CEE80E900508246 /* Model */ = {
			isa = PBXGroup;
			children = (
				4F4CD82C1CEE810A00508246 /* Pokemon.swift */,
			);
			name = Model;
			sourceTree = "<group>";
		};
		4FB749331CF3C1D400B64C25 /* Util */ = {
			isa = PBXGroup;
			children = (
				4FB749311CF3C19000B64C25 /* csv.swift */,
				4FA40A421CF8F7B80083DB3A /* Constants.swift */,
			);
			name = Util;
			sourceTree = "<group>";
		};
		4FB749341CF3C1EF00B64C25 /* Resources */ = {
			isa = PBXGroup;
			children = (
				4F06BD0A1CF5026B00270CD5 /* music.mp3 */,
				4F4CD8271CEE772900508246 /* pokemon.csv */,
				4F9DCDDB1CF3ECF800823448 /* pokemonSolid.ttf */,
			);
			name = Resources;
			sourceTree = "<group>";
		};
		C373F27BA36D17A363EAB694 /* Frameworks */ = {
			isa = PBXGroup;
			children = (
				CF7954832B83413C24B447A9 /* Pods_s10_pokedex_by_devslopes.framework */,
			);
			name = Frameworks;
			sourceTree = "<group>";
		};
		F63D8DDFAB5DE5AB6BC8899D /* Pods */ = {
			isa = PBXGroup;
			children = (
				18F66C2B5E63670DB4F99439 /* Pods-s10 pokedex-by-devslopes.debug.xcconfig */,
				8A73818AD326298B1CC09171 /* Pods-s10 pokedex-by-devslopes.release.xcconfig */,
			);
			name = Pods;
			sourceTree = "<group>";
		};
/* End PBXGroup section */

/* Begin PBXNativeTarget section */
		4F4CD8111CEE69FB00508246 /* s10 pokedex-by-devslopes */ = {
			isa = PBXNativeTarget;
			buildConfigurationList = 4F4CD8241CEE69FB00508246 /* Build configuration list for PBXNativeTarget "s10 pokedex-by-devslopes" */;
			buildPhases = (
				B146F6BCB7B1ECBF43C0E632 /* Check Pods Manifest.lock */,
				4F4CD80E1CEE69FB00508246 /* Sources */,
				4F4CD80F1CEE69FB00508246 /* Frameworks */,
				4F4CD8101CEE69FB00508246 /* Resources */,
				76F48C653367A24F759778FC /* Embed Pods Frameworks */,
				2DED169A3F1DD53787FE456B /* Copy Pods Resources */,
			);
			buildRules = (
			);
			dependencies = (
			);
			name = "s10 pokedex-by-devslopes";
			productName = "s10 pokedex-by-devslopes";
			productReference = 4F4CD8121CEE69FB00508246 /* s10 pokedex-by-devslopes.app */;
			productType = "com.apple.product-type.application";
		};
/* End PBXNativeTarget section */

/* Begin PBXProject section */
		4F4CD80A1CEE69FB00508246 /* Project object */ = {
			isa = PBXProject;
			attributes = {
				LastSwiftUpdateCheck = 0730;
				LastUpgradeCheck = 0730;
				ORGANIZATIONNAME = "Bernadette P";
				TargetAttributes = {
					4F4CD8111CEE69FB00508246 = {
						CreatedOnToolsVersion = 7.3;
					};
				};
			};
			buildConfigurationList = 4F4CD80D1CEE69FB00508246 /* Build configuration list for PBXProject "s10 pokedex-by-devslopes" */;
			compatibilityVersion = "Xcode 3.2";
			developmentRegion = English;
			hasScannedForEncodings = 0;
			knownRegions = (
				en,
				Base,
			);
			mainGroup = 4F4CD8091CEE69FB00508246;
			productRefGroup = 4F4CD8131CEE69FB00508246 /* Products */;
			projectDirPath = "";
			projectRoot = "";
			targets = (
				4F4CD8111CEE69FB00508246 /* s10 pokedex-by-devslopes */,
			);
		};
/* End PBXProject section */

/* Begin PBXResourcesBuildPhase section */
		4F4CD8101CEE69FB00508246 /* Resources */ = {
			isa = PBXResourcesBuildPhase;
			buildActionMask = 2147483647;
			files = (
				4F4CD8201CEE69FB00508246 /* LaunchScreen.storyboard in Resources */,
				4F4CD81D1CEE69FB00508246 /* Assets.xcassets in Resources */,
				4F06BD0B1CF5026B00270CD5 /* music.mp3 in Resources */,
				4F06BD131CF51A9800270CD5 /* Main.storyboard in Resources */,
				4F4CD8281CEE772900508246 /* pokemon.csv in Resources */,
				4F9DCDDC1CF3ECF800823448 /* pokemonSolid.ttf in Resources */,
			);
			runOnlyForDeploymentPostprocessing = 0;
		};
/* End PBXResourcesBuildPhase section */

/* Begin PBXShellScriptBuildPhase section */
		2DED169A3F1DD53787FE456B /* Copy Pods Resources */ = {
			isa = PBXShellScriptBuildPhase;
			buildActionMask = 2147483647;
			files = (
			);
			inputPaths = (
			);
			name = "Copy Pods Resources";
			outputPaths = (
			);
			runOnlyForDeploymentPostprocessing = 0;
			shellPath = /bin/sh;
			shellScript = "\"${SRCROOT}/Pods/Target Support Files/Pods-s10 pokedex-by-devslopes/Pods-s10 pokedex-by-devslopes-resources.sh\"\n";
			showEnvVarsInLog = 0;
		};
		76F48C653367A24F759778FC /* Embed Pods Frameworks */ = {
			isa = PBXShellScriptBuildPhase;
			buildActionMask = 2147483647;
			files = (
			);
			inputPaths = (
			);
			name = "Embed Pods Frameworks";
			outputPaths = (
			);
			runOnlyForDeploymentPostprocessing = 0;
			shellPath = /bin/sh;
			shellScript = "\"${SRCROOT}/Pods/Target Support Files/Pods-s10 pokedex-by-devslopes/Pods-s10 pokedex-by-devslopes-frameworks.sh\"\n";
			showEnvVarsInLog = 0;
		};
		B146F6BCB7B1ECBF43C0E632 /* Check Pods Manifest.lock */ = {
			isa = PBXShellScriptBuildPhase;
			buildActionMask = 2147483647;
			files = (
			);
			inputPaths = (
			);
			name = "Check Pods Manifest.lock";
			outputPaths = (
			);
			runOnlyForDeploymentPostprocessing = 0;
			shellPath = /bin/sh;
			shellScript = "diff \"${PODS_ROOT}/../Podfile.lock\" \"${PODS_ROOT}/Manifest.lock\" > /dev/null\nif [[ $? != 0 ]] ; then\n    cat << EOM\nerror: The sandbox is not in sync with the Podfile.lock. Run 'pod install' or update your CocoaPods installation.\nEOM\n    exit 1\nfi\n";
			showEnvVarsInLog = 0;
		};
/* End PBXShellScriptBuildPhase section */

/* Begin PBXSourcesBuildPhase section */
		4F4CD80E1CEE69FB00508246 /* Sources */ = {
			isa = PBXSourcesBuildPhase;
			buildActionMask = 2147483647;
			files = (
				4F4E578A1CF3A80300191F74 /* PokeCell.swift in Sources */,
				4F4CD8181CEE69FB00508246 /* ViewController.swift in Sources */,
				4F4CD8161CEE69FB00508246 /* AppDelegate.swift in Sources */,
				4F06BD0D1CF5152300270CD5 /* PokemonDetailVC.swift in Sources */,
				4FA40A431CF8F7B80083DB3A /* Constants.swift in Sources */,
				4F4CD82D1CEE810A00508246 /* Pokemon.swift in Sources */,
				4FB749321CF3C19000B64C25 /* csv.swift in Sources */,
			);
			runOnlyForDeploymentPostprocessing = 0;
		};
/* End PBXSourcesBuildPhase section */

/* Begin PBXVariantGroup section */
		4F4CD81E1CEE69FB00508246 /* LaunchScreen.storyboard */ = {
			isa = PBXVariantGroup;
			children = (
				4F4CD81F1CEE69FB00508246 /* Base */,
			);
			name = LaunchScreen.storyboard;
			sourceTree = "<group>";
		};
/* End PBXVariantGroup section */

/* Begin XCBuildConfiguration section */
		4F4CD8221CEE69FB00508246 /* Debug */ = {
			isa = XCBuildConfiguration;
			buildSettings = {
				ALWAYS_SEARCH_USER_PATHS = NO;
				CLANG_ANALYZER_NONNULL = YES;
				CLANG_CXX_LANGUAGE_STANDARD = "gnu++0x";
				CLANG_CXX_LIBRARY = "libc++";
				CLANG_ENABLE_MODULES = YES;
				CLANG_ENABLE_OBJC_ARC = YES;
				CLANG_WARN_BOOL_CONVERSION = YES;
				CLANG_WARN_CONSTANT_CONVERSION = YES;
				CLANG_WARN_DIRECT_OBJC_ISA_USAGE = YES_ERROR;
				CLANG_WARN_EMPTY_BODY = YES;
				CLANG_WARN_ENUM_CONVERSION = YES;
				CLANG_WARN_INT_CONVERSION = YES;
				CLANG_WARN_OBJC_ROOT_CLASS = YES_ERROR;
				CLANG_WARN_UNREACHABLE_CODE = YES;
				CLANG_WARN__DUPLICATE_METHOD_MATCH = YES;
				"CODE_SIGN_IDENTITY[sdk=iphoneos*]" = "iPhone Developer";
				COPY_PHASE_STRIP = NO;
				DEBUG_INFORMATION_FORMAT = dwarf;
				ENABLE_STRICT_OBJC_MSGSEND = YES;
				ENABLE_TESTABILITY = YES;
				GCC_C_LANGUAGE_STANDARD = gnu99;
				GCC_DYNAMIC_NO_PIC = NO;
				GCC_NO_COMMON_BLOCKS = YES;
				GCC_OPTIMIZATION_LEVEL = 0;
				GCC_PREPROCESSOR_DEFINITIONS = (
					"DEBUG=1",
					"$(inherited)",
				);
				GCC_WARN_64_TO_32_BIT_CONVERSION = YES;
				GCC_WARN_ABOUT_RETURN_TYPE = YES_ERROR;
				GCC_WARN_UNDECLARED_SELECTOR = YES;
				GCC_WARN_UNINITIALIZED_AUTOS = YES_AGGRESSIVE;
				GCC_WARN_UNUSED_FUNCTION = YES;
				GCC_WARN_UNUSED_VARIABLE = YES;
				IPHONEOS_DEPLOYMENT_TARGET = 9.3;
				MTL_ENABLE_DEBUG_INFO = YES;
				ONLY_ACTIVE_ARCH = YES;
				SDKROOT = iphoneos;
				SWIFT_OPTIMIZATION_LEVEL = "-Onone";
				TARGETED_DEVICE_FAMILY = "1,2";
			};
			name = Debug;
		};
		4F4CD8231CEE69FB00508246 /* Release */ = {
			isa = XCBuildConfiguration;
			buildSettings = {
				ALWAYS_SEARCH_USER_PATHS = NO;
				CLANG_ANALYZER_NONNULL = YES;
				CLANG_CXX_LANGUAGE_STANDARD = "gnu++0x";
				CLANG_CXX_LIBRARY = "libc++";
				CLANG_ENABLE_MODULES = YES;
				CLANG_ENABLE_OBJC_ARC = YES;
				CLANG_WARN_BOOL_CONVERSION = YES;
				CLANG_WARN_CONSTANT_CONVERSION = YES;
				CLANG_WARN_DIRECT_OBJC_ISA_USAGE = YES_ERROR;
				CLANG_WARN_EMPTY_BODY = YES;
				CLANG_WARN_ENUM_CONVERSION = YES;
				CLANG_WARN_INT_CONVERSION = YES;
				CLANG_WARN_OBJC_ROOT_CLASS = YES_ERROR;
				CLANG_WARN_UNREACHABLE_CODE = YES;
				CLANG_WARN__DUPLICATE_METHOD_MATCH = YES;
				"CODE_SIGN_IDENTITY[sdk=iphoneos*]" = "iPhone Developer";
				COPY_PHASE_STRIP = NO;
				DEBUG_INFORMATION_FORMAT = "dwarf-with-dsym";
				ENABLE_NS_ASSERTIONS = NO;
				ENABLE_STRICT_OBJC_MSGSEND = YES;
				GCC_C_LANGUAGE_STANDARD = gnu99;
				GCC_NO_COMMON_BLOCKS = YES;
				GCC_WARN_64_TO_32_BIT_CONVERSION = YES;
				GCC_WARN_ABOUT_RETURN_TYPE = YES_ERROR;
				GCC_WARN_UNDECLARED_SELECTOR = YES;
				GCC_WARN_UNINITIALIZED_AUTOS = YES_AGGRESSIVE;
				GCC_WARN_UNUSED_FUNCTION = YES;
				GCC_WARN_UNUSED_VARIABLE = YES;
				IPHONEOS_DEPLOYMENT_TARGET = 9.3;
				MTL_ENABLE_DEBUG_INFO = NO;
				SDKROOT = iphoneos;
				TARGETED_DEVICE_FAMILY = "1,2";
				VALIDATE_PRODUCT = YES;
			};
			name = Release;
		};
		4F4CD8251CEE69FB00508246 /* Debug */ = {
			isa = XCBuildConfiguration;
			baseConfigurationReference = 18F66C2B5E63670DB4F99439 /* Pods-s10 pokedex-by-devslopes.debug.xcconfig */;
			buildSettings = {
				ASSETCATALOG_COMPILER_APPICON_NAME = AppIcon;
				INFOPLIST_FILE = "s10 pokedex-by-devslopes/Info.plist";
				LD_RUNPATH_SEARCH_PATHS = "$(inherited) @executable_path/Frameworks";
				PRODUCT_BUNDLE_IDENTIFIER = "com.planabernadette.s10-pokedex-by-devslopes";
				PRODUCT_NAME = "$(TARGET_NAME)";
			};
			name = Debug;
		};
		4F4CD8261CEE69FB00508246 /* Release */ = {
			isa = XCBuildConfiguration;
			baseConfigurationReference = 8A73818AD326298B1CC09171 /* Pods-s10 pokedex-by-devslopes.release.xcconfig */;
			buildSettings = {
				ASSETCATALOG_COMPILER_APPICON_NAME = AppIcon;
				INFOPLIST_FILE = "s10 pokedex-by-devslopes/Info.plist";
				LD_RUNPATH_SEARCH_PATHS = "$(inherited) @executable_path/Frameworks";
				PRODUCT_BUNDLE_IDENTIFIER = "com.planabernadette.s10-pokedex-by-devslopes";
				PRODUCT_NAME = "$(TARGET_NAME)";
			};
			name = Release;
		};
/* End XCBuildConfiguration section */

/* Begin XCConfigurationList section */
		4F4CD80D1CEE69FB00508246 /* Build configuration list for PBXProject "s10 pokedex-by-devslopes" */ = {
			isa = XCConfigurationList;
			buildConfigurations = (
				4F4CD8221CEE69FB00508246 /* Debug */,
				4F4CD8231CEE69FB00508246 /* Release */,
			);
			defaultConfigurationIsVisible = 0;
			defaultConfigurationName = Release;
		};
		4F4CD8241CEE69FB00508246 /* Build configuration list for PBXNativeTarget "s10 pokedex-by-devslopes" */ = {
			isa = XCConfigurationList;
			buildConfigurations = (
				4F4CD8251CEE69FB00508246 /* Debug */,
				4F4CD8261CEE69FB00508246 /* Release */,
			);
			defaultConfigurationIsVisible = 0;
			defaultConfigurationName = Release;
		};
/* End XCConfigurationList section */
	};
	rootObject = 4F4CD80A1CEE69FB00508246 /* Project object */;
}
